
Microsoft Visual Studio Solution File, Format Version 12.00
# Visual Studio 15
VisualStudioVersion = 15.0.28307.572
MinimumVisualStudioVersion = 10.0.40219.1
Project("{FAE04EC0-301F-11D3-BF4B-00C04F79EFBC}") = "RandomStringGeneration", "RandomStringGeneration\RandomStringGeneration.csproj", "{AA54D139-6198-4CEC-A651-A3BBDE995DF4}"
EndProject
Global
	GlobalSection(SolutionConfigurationPlatforms) = preSolution
		Debug|Any CPU = Debug|Any CPU
		Release|Any CPU = Release|Any CPU
	EndGlobalSection
	GlobalSection(ProjectConfigurationPlatforms) = postSolution
		{AA54D139-6198-4CEC-A651-A3BBDE995DF4}.Debug|Any CPU.ActiveCfg = Debug|Any CPU
		{AA54D139-6198-4CEC-A651-A3BBDE995DF4}.Debug|Any CPU.Build.0 = Debug|Any CPU
		{AA54D139-6198-4CEC-A651-A3BBDE995DF4}.Release|Any CPU.ActiveCfg = Release|Any CPU
		{AA54D139-6198-4CEC-A651-A3BBDE995DF4}.Release|Any CPU.Build.0 = Release|Any CPU
	EndGlobalSection
	GlobalSection(SolutionProperties) = preSolution
		HideSolutionNode = FALSE
	EndGlobalSection
	GlobalSection(ExtensibilityGlobals) = postSolution
		SolutionGuid = {40232AA9-A6AB-4C09-8AA0-9C5107736365}
	EndGlobalSection
EndGlobal
